
Microsoft Visual Studio Solution File, Format Version 12.00
# Visual Studio Version 17
VisualStudioVersion = 17.8.34316.72
MinimumVisualStudioVersion = 10.0.40219.1
Project("{9A19103F-16F7-4668-BE54-9A1E7A4F7556}") = "VisionX.ATMS.Web", "VisionX.ATMS.Web.csproj", "{93E7358E-D9C8-4070-925B-FAC5C9320C5B}"
EndProject
Project("{9A19103F-16F7-4668-BE54-9A1E7A4F7556}") = "VisionX.Interface.Repositories", "..\VisionX.Interface.Repositories\VisionX.Interface.Repositories.csproj", "{BD5B818C-7DD1-424F-904B-A06FEFE11D0E}"
EndProject
Project("{FAE04EC0-301F-11D3-BF4B-00C04F79EFBC}") = "VisionX.BusinessAccessLayer.Repositories", "..\VisionX.BusinessAccessLayer.Repositories\VisionX.BusinessAccessLayer.Repositories.csproj", "{2AFF5846-F9C7-4C39-8323-48DFB7D2B26B}"
EndProject
Project("{FAE04EC0-301F-11D3-BF4B-00C04F79EFBC}") = "VisionX.DataAccessLayer.Repositories", "..\VisionX.DataAccessLayer.Repositories\VisionX.DataAccessLayer.Repositories.csproj", "{EDE1227E-17C8-4E4E-A2D6-7252602FFBA4}"
EndProject
Project("{FAE04EC0-301F-11D3-BF4B-00C04F79EFBC}") = "VisionX.BusinessEntities.Repositories", "..\VisionX.BusinessEntities.Repositories\VisionX.BusinessEntities.Repositories.csproj", "{02B841D4-C58C-468F-B768-F7B965039E90}"
EndProject
Global
	GlobalSection(SolutionConfigurationPlatforms) = preSolution
		Debug|Any CPU = Debug|Any CPU
		Release|Any CPU = Release|Any CPU
	EndGlobalSection
	GlobalSection(ProjectConfigurationPlatforms) = postSolution
		{93E7358E-D9C8-4070-925B-FAC5C9320C5B}.Debug|Any CPU.ActiveCfg = Debug|Any CPU
		{93E7358E-D9C8-4070-925B-FAC5C9320C5B}.Debug|Any CPU.Build.0 = Debug|Any CPU
		{93E7358E-D9C8-4070-925B-FAC5C9320C5B}.Release|Any CPU.ActiveCfg = Release|Any CPU
		{93E7358E-D9C8-4070-925B-FAC5C9320C5B}.Release|Any CPU.Build.0 = Release|Any CPU
		{BD5B818C-7DD1-424F-904B-A06FEFE11D0E}.Debug|Any CPU.ActiveCfg = Debug|Any CPU
		{BD5B818C-7DD1-424F-904B-A06FEFE11D0E}.Debug|Any CPU.Build.0 = Debug|Any CPU
		{BD5B818C-7DD1-424F-904B-A06FEFE11D0E}.Release|Any CPU.ActiveCfg = Release|Any CPU
		{BD5B818C-7DD1-424F-904B-A06FEFE11D0E}.Release|Any CPU.Build.0 = Release|Any CPU
		{2AFF5846-F9C7-4C39-8323-48DFB7D2B26B}.Debug|Any CPU.ActiveCfg = Debug|Any CPU
		{2AFF5846-F9C7-4C39-8323-48DFB7D2B26B}.Debug|Any CPU.Build.0 = Debug|Any CPU
		{2AFF5846-F9C7-4C39-8323-48DFB7D2B26B}.Release|Any CPU.ActiveCfg = Release|Any CPU
		{2AFF5846-F9C7-4C39-8323-48DFB7D2B26B}.Release|Any CPU.Build.0 = Release|Any CPU
		{EDE1227E-17C8-4E4E-A2D6-7252602FFBA4}.Debug|Any CPU.ActiveCfg = Debug|Any CPU
		{EDE1227E-17C8-4E4E-A2D6-7252602FFBA4}.Debug|Any CPU.Build.0 = Debug|Any CPU
		{EDE1227E-17C8-4E4E-A2D6-7252602FFBA4}.Release|Any CPU.ActiveCfg = Release|Any CPU
		{EDE1227E-17C8-4E4E-A2D6-7252602FFBA4}.Release|Any CPU.Build.0 = Release|Any CPU
		{02B841D4-C58C-468F-B768-F7B965039E90}.Debug|Any CPU.ActiveCfg = Debug|Any CPU
		{02B841D4-C58C-468F-B768-F7B965039E90}.Debug|Any CPU.Build.0 = Debug|Any CPU
		{02B841D4-C58C-468F-B768-F7B965039E90}.Release|Any CPU.ActiveCfg = Release|Any CPU
		{02B841D4-C58C-468F-B768-F7B965039E90}.Release|Any CPU.Build.0 = Release|Any CPU
	EndGlobalSection
	GlobalSection(SolutionProperties) = preSolution
		HideSolutionNode = FALSE
	EndGlobalSection
	GlobalSection(ExtensibilityGlobals) = postSolution
		SolutionGuid = {1B934780-ED3B-43E0-88AD-BC416BDF8693}
	EndGlobalSection
EndGlobal
